
Microsoft Visual Studio Solution File, Format Version 12.00
# Visual Studio Version 16
VisualStudioVersion = 25.0.1705.0
MinimumVisualStudioVersion = 10.0.40219.1
Project("{FAE04EC0-301F-11D3-BF4B-00C04F79EFBC}") = "StatlerWaldorfCorp.LocationService", "src\StatlerWaldorfCorp.LocationService\StatlerWaldorfCorp.LocationService.csproj", "{39C9E406-D6C3-4D31-9D4D-1A5C4997EEE7}"
EndProject
Project("{FAE04EC0-301F-11D3-BF4B-00C04F79EFBC}") = "StatlerWaldorfCorp.LocationService.Tests", "test\StatlerWaldorfCorp.LocationService.Tests\StatlerWaldorfCorp.LocationService.Tests.csproj", "{34CFE73C-87B3-4371-BD52-A924C696A44A}"
EndProject
Project("{2150E333-8FDC-42A3-9474-1A3956D46DE8}") = "src", "src", "{2BAC52BC-680B-43D9-97A7-AD1E19EE13B3}"
EndProject
Project("{2150E333-8FDC-42A3-9474-1A3956D46DE8}") = "test", "test", "{457C29BB-D5DB-4B2B-BE7F-0F03210EF76C}"
EndProject
Global
	GlobalSection(SolutionConfigurationPlatforms) = preSolution
		Debug|Any CPU = Debug|Any CPU
		Release|Any CPU = Release|Any CPU
	EndGlobalSection
	GlobalSection(ProjectConfigurationPlatforms) = postSolution
		{39C9E406-D6C3-4D31-9D4D-1A5C4997EEE7}.Debug|Any CPU.ActiveCfg = Debug|Any CPU
		{39C9E406-D6C3-4D31-9D4D-1A5C4997EEE7}.Debug|Any CPU.Build.0 = Debug|Any CPU
		{39C9E406-D6C3-4D31-9D4D-1A5C4997EEE7}.Release|Any CPU.ActiveCfg = Release|Any CPU
		{39C9E406-D6C3-4D31-9D4D-1A5C4997EEE7}.Release|Any CPU.Build.0 = Release|Any CPU
		{34CFE73C-87B3-4371-BD52-A924C696A44A}.Debug|Any CPU.ActiveCfg = Debug|Any CPU
		{34CFE73C-87B3-4371-BD52-A924C696A44A}.Debug|Any CPU.Build.0 = Debug|Any CPU
		{34CFE73C-87B3-4371-BD52-A924C696A44A}.Release|Any CPU.ActiveCfg = Release|Any CPU
		{34CFE73C-87B3-4371-BD52-A924C696A44A}.Release|Any CPU.Build.0 = Release|Any CPU
	EndGlobalSection
	GlobalSection(SolutionProperties) = preSolution
		HideSolutionNode = FALSE
	EndGlobalSection
	GlobalSection(ExtensibilityGlobals) = postSolution
		SolutionGuid = {DAE8A98D-10A0-4202-99B4-A999D0B29780}
	EndGlobalSection
	GlobalSection(NestedProjects) = preSolution
		{39C9E406-D6C3-4D31-9D4D-1A5C4997EEE7} = {2BAC52BC-680B-43D9-97A7-AD1E19EE13B3}
		{34CFE73C-87B3-4371-BD52-A924C696A44A} = {457C29BB-D5DB-4B2B-BE7F-0F03210EF76C}
	EndGlobalSection
EndGlobal
